
Microsoft Visual Studio Solution File, Format Version 12.00
# Visual Studio Version 17
VisualStudioVersion = 17.10.35122.118
MinimumVisualStudioVersion = 10.0.40219.1
Project("{FAE04EC0-301F-11D3-BF4B-00C04F79EFBC}") = "AssignmentEF02", "AssignmentEF02\AssignmentEF02.csproj", "{B6DB19AE-44C6-47C0-8EF3-FF81402F0EA0}"
EndProject
Global
	GlobalSection(SolutionConfigurationPlatforms) = preSolution
		Debug|Any CPU = Debug|Any CPU
		Release|Any CPU = Release|Any CPU
	EndGlobalSection
	GlobalSection(ProjectConfigurationPlatforms) = postSolution
		{B6DB19AE-44C6-47C0-8EF3-FF81402F0EA0}.Debug|Any CPU.ActiveCfg = Debug|Any CPU
		{B6DB19AE-44C6-47C0-8EF3-FF81402F0EA0}.Debug|Any CPU.Build.0 = Debug|Any CPU
		{B6DB19AE-44C6-47C0-8EF3-FF81402F0EA0}.Release|Any CPU.ActiveCfg = Release|Any CPU
		{B6DB19AE-44C6-47C0-8EF3-FF81402F0EA0}.Release|Any CPU.Build.0 = Release|Any CPU
	EndGlobalSection
	GlobalSection(SolutionProperties) = preSolution
		HideSolutionNode = FALSE
	EndGlobalSection
	GlobalSection(ExtensibilityGlobals) = postSolution
		SolutionGuid = {7E2951BB-BEAA-4D50-9A17-78312C0E8E43}
	EndGlobalSection
EndGlobal
